// !$*UTF8*$!
{
	archiveVersion = 1;
	classes = {
	};
	objectVersion = 50;
	objects = {

/* Begin PBXBuildFile section */
		2D11D24F22EF374200E51511 /* VCTakeDefaultMileagePic.swift in Sources */ = {isa = PBXBuildFile; fileRef = 2D11D24E22EF374200E51511 /* VCTakeDefaultMileagePic.swift */; };
		2D11D25122EF7EBD00E51511 /* VCViewImage.swift in Sources */ = {isa = PBXBuildFile; fileRef = 2D11D25022EF7EBD00E51511 /* VCViewImage.swift */; };
		2D59CE78233562DC00BF9C6E /* VCGetInventoryNumbers.swift in Sources */ = {isa = PBXBuildFile; fileRef = 2D59CE77233562DC00BF9C6E /* VCGetInventoryNumbers.swift */; };
		2D59CE7A233A6B0F00BF9C6E /* TVCInventoryLanesLots.swift in Sources */ = {isa = PBXBuildFile; fileRef = 2D59CE79233A6B0F00BF9C6E /* TVCInventoryLanesLots.swift */; };
		2D59D45C23143592004801E9 /* EquipmentObjects.swift in Sources */ = {isa = PBXBuildFile; fileRef = 2D59D45B23143592004801E9 /* EquipmentObjects.swift */; };
		2D59D45E23143801004801E9 /* VCEquipment.swift in Sources */ = {isa = PBXBuildFile; fileRef = 2D59D45D23143801004801E9 /* VCEquipment.swift */; };
		2D86568B22E0ACDF00A8EA1C /* VCSelectLane.swift in Sources */ = {isa = PBXBuildFile; fileRef = 2D86568A22E0ACDF00A8EA1C /* VCSelectLane.swift */; };
		2D86568D22E0B94F00A8EA1C /* TVCSelectLane.swift in Sources */ = {isa = PBXBuildFile; fileRef = 2D86568C22E0B94F00A8EA1C /* TVCSelectLane.swift */; };
		2D8A292922AE8AA500154ED7 /* VCRegisterDealer.swift in Sources */ = {isa = PBXBuildFile; fileRef = 2D8A292822AE8AA500154ED7 /* VCRegisterDealer.swift */; };
		2D8A292B22AEB85F00154ED7 /* TVCBody.swift in Sources */ = {isa = PBXBuildFile; fileRef = 2D8A292A22AEB85F00154ED7 /* TVCBody.swift */; };
		2D94A8E122AA883A00DC0150 /* AppDelegate.swift in Sources */ = {isa = PBXBuildFile; fileRef = 2D94A8E022AA883A00DC0150 /* AppDelegate.swift */; };
		2D94A8E322AA883A00DC0150 /* VCFindDealer.swift in Sources */ = {isa = PBXBuildFile; fileRef = 2D94A8E222AA883A00DC0150 /* VCFindDealer.swift */; };
		2D94A8E622AA883A00DC0150 /* Main.storyboard in Resources */ = {isa = PBXBuildFile; fileRef = 2D94A8E422AA883A00DC0150 /* Main.storyboard */; };
		2D94A8E822AA883A00DC0150 /* Assets.xcassets in Resources */ = {isa = PBXBuildFile; fileRef = 2D94A8E722AA883A00DC0150 /* Assets.xcassets */; };
		2D94A8EB22AA883A00DC0150 /* LaunchScreen.storyboard in Resources */ = {isa = PBXBuildFile; fileRef = 2D94A8E922AA883A00DC0150 /* LaunchScreen.storyboard */; };
		2D94A8F622AA883A00DC0150 /* AuctionCheckInTests.swift in Sources */ = {isa = PBXBuildFile; fileRef = 2D94A8F522AA883A00DC0150 /* AuctionCheckInTests.swift */; };
		2D94A90122AA883A00DC0150 /* AuctionCheckInUITests.swift in Sources */ = {isa = PBXBuildFile; fileRef = 2D94A90022AA883A00DC0150 /* AuctionCheckInUITests.swift */; };
		2D94A90F22AA8EDE00DC0150 /* TVCDealer.swift in Sources */ = {isa = PBXBuildFile; fileRef = 2D94A90E22AA8EDE00DC0150 /* TVCDealer.swift */; };
		2D94A91122AAE74500DC0150 /* VCScanner.swift in Sources */ = {isa = PBXBuildFile; fileRef = 2D94A91022AAE74500DC0150 /* VCScanner.swift */; };
		2D94A91322AAFAF900DC0150 /* VCVehicle.swift in Sources */ = {isa = PBXBuildFile; fileRef = 2D94A91222AAFAF900DC0150 /* VCVehicle.swift */; };
		2D952A0A22BA673700AAC687 /* DecodedVINObject.swift in Sources */ = {isa = PBXBuildFile; fileRef = 2D952A0922BA673700AAC687 /* DecodedVINObject.swift */; };
		2DC5CCA622AFD4470069C9C0 /* VCCamera.swift in Sources */ = {isa = PBXBuildFile; fileRef = 2DC5CCA522AFD4470069C9C0 /* VCCamera.swift */; };
		2DC5CCA822AFDF630069C9C0 /* VCPhotoPreview.swift in Sources */ = {isa = PBXBuildFile; fileRef = 2DC5CCA722AFDF630069C9C0 /* VCPhotoPreview.swift */; };
		2DC5CCAA22AFF3140069C9C0 /* TVCLaneLot.swift in Sources */ = {isa = PBXBuildFile; fileRef = 2DC5CCA922AFF3140069C9C0 /* TVCLaneLot.swift */; };
		2DD99B0622C3A58100ECE057 /* CheckInObject.swift in Sources */ = {isa = PBXBuildFile; fileRef = 2DD99B0522C3A58100ECE057 /* CheckInObject.swift */; };
		2DD99B0822C4F8EC00ECE057 /* LaneLotObject.swift in Sources */ = {isa = PBXBuildFile; fileRef = 2DD99B0722C4F8EC00ECE057 /* LaneLotObject.swift */; };
		2DD99B0A22C51AB500ECE057 /* VCPrintBarcode.swift in Sources */ = {isa = PBXBuildFile; fileRef = 2DD99B0922C51AB500ECE057 /* VCPrintBarcode.swift */; };
		2DE2006723144ECA00FAADF0 /* VCEquipmentTypes.swift in Sources */ = {isa = PBXBuildFile; fileRef = 2DE2006623144ECA00FAADF0 /* VCEquipmentTypes.swift */; };
		2DE200692314510500FAADF0 /* TVCEquipmentTypes.swift in Sources */ = {isa = PBXBuildFile; fileRef = 2DE200682314510500FAADF0 /* TVCEquipmentTypes.swift */; };
		2DEB185522CA431700DB5E7C /* testObjectC.m in Sources */ = {isa = PBXBuildFile; fileRef = 2DEB185422CA431700DB5E7C /* testObjectC.m */; };
		2DEB185922CA567B00DB5E7C /* libZSDK_API.a in Frameworks */ = {isa = PBXBuildFile; fileRef = 2DEB185822CA567B00DB5E7C /* libZSDK_API.a */; };
		2DEB185B22CCD7D000DB5E7C /* CustomeObject.m in Sources */ = {isa = PBXBuildFile; fileRef = 2DEB185A22CCD7D000DB5E7C /* CustomeObject.m */; };
		2DEE6765235109280099B92A /* VCAdditionalPhoto.swift in Sources */ = {isa = PBXBuildFile; fileRef = 2DEE6764235109280099B92A /* VCAdditionalPhoto.swift */; };
		2DEE67672355F92C0099B92A /* VCNewPhoto.swift in Sources */ = {isa = PBXBuildFile; fileRef = 2DEE67662355F92C0099B92A /* VCNewPhoto.swift */; };
		2DEE676923576D080099B92A /* VCEditVIN6.swift in Sources */ = {isa = PBXBuildFile; fileRef = 2DEE676823576D080099B92A /* VCEditVIN6.swift */; };
		2DF2D64A22B156A60021281D /* DealerInfoObject.swift in Sources */ = {isa = PBXBuildFile; fileRef = 2DF2D64922B156A60021281D /* DealerInfoObject.swift */; };
		2DF608BB22BD1D05008A1B2E /* VehicleClassObject.swift in Sources */ = {isa = PBXBuildFile; fileRef = 2DF608BA22BD1D05008A1B2E /* VehicleClassObject.swift */; };
/* End PBXBuildFile section */

/* Begin PBXContainerItemProxy section */
		2D94A8F222AA883A00DC0150 /* PBXContainerItemProxy */ = {
			isa = PBXContainerItemProxy;
			containerPortal = 2D94A8D522AA883A00DC0150 /* Project object */;
			proxyType = 1;
			remoteGlobalIDString = 2D94A8DC22AA883A00DC0150;
			remoteInfo = AuctionCheckIn;
		};
		2D94A8FD22AA883A00DC0150 /* PBXContainerItemProxy */ = {
			isa = PBXContainerItemProxy;
			containerPortal = 2D94A8D522AA883A00DC0150 /* Project object */;
			proxyType = 1;
			remoteGlobalIDString = 2D94A8DC22AA883A00DC0150;
			remoteInfo = AuctionCheckIn;
		};
/* End PBXContainerItemProxy section */

/* Begin PBXFileReference section */
		2D11D24E22EF374200E51511 /* VCTakeDefaultMileagePic.swift */ = {isa = PBXFileReference; lastKnownFileType = sourcecode.swift; path = VCTakeDefaultMileagePic.swift; sourceTree = "<group>"; };
		2D11D25022EF7EBD00E51511 /* VCViewImage.swift */ = {isa = PBXFileReference; lastKnownFileType = sourcecode.swift; path = VCViewImage.swift; sourceTree = "<group>"; };
		2D59CE77233562DC00BF9C6E /* VCGetInventoryNumbers.swift */ = {isa = PBXFileReference; lastKnownFileType = sourcecode.swift; path = VCGetInventoryNumbers.swift; sourceTree = "<group>"; };
		2D59CE79233A6B0F00BF9C6E /* TVCInventoryLanesLots.swift */ = {isa = PBXFileReference; lastKnownFileType = sourcecode.swift; path = TVCInventoryLanesLots.swift; sourceTree = "<group>"; };
		2D59D45B23143592004801E9 /* EquipmentObjects.swift */ = {isa = PBXFileReference; lastKnownFileType = sourcecode.swift; path = EquipmentObjects.swift; sourceTree = "<group>"; };
		2D59D45D23143801004801E9 /* VCEquipment.swift */ = {isa = PBXFileReference; lastKnownFileType = sourcecode.swift; path = VCEquipment.swift; sourceTree = "<group>"; };
		2D86568A22E0ACDF00A8EA1C /* VCSelectLane.swift */ = {isa = PBXFileReference; lastKnownFileType = sourcecode.swift; path = VCSelectLane.swift; sourceTree = "<group>"; };
		2D86568C22E0B94F00A8EA1C /* TVCSelectLane.swift */ = {isa = PBXFileReference; lastKnownFileType = sourcecode.swift; path = TVCSelectLane.swift; sourceTree = "<group>"; };
		2D8A292822AE8AA500154ED7 /* VCRegisterDealer.swift */ = {isa = PBXFileReference; lastKnownFileType = sourcecode.swift; path = VCRegisterDealer.swift; sourceTree = "<group>"; };
		2D8A292A22AEB85F00154ED7 /* TVCBody.swift */ = {isa = PBXFileReference; lastKnownFileType = sourcecode.swift; path = TVCBody.swift; sourceTree = "<group>"; };
		2D94A8DD22AA883A00DC0150 /* AuctionCheckIn.app */ = {isa = PBXFileReference; explicitFileType = wrapper.application; includeInIndex = 0; path = AuctionCheckIn.app; sourceTree = BUILT_PRODUCTS_DIR; };
		2D94A8E022AA883A00DC0150 /* AppDelegate.swift */ = {isa = PBXFileReference; lastKnownFileType = sourcecode.swift; path = AppDelegate.swift; sourceTree = "<group>"; };
		2D94A8E222AA883A00DC0150 /* VCFindDealer.swift */ = {isa = PBXFileReference; lastKnownFileType = sourcecode.swift; path = VCFindDealer.swift; sourceTree = "<group>"; };
		2D94A8E522AA883A00DC0150 /* Base */ = {isa = PBXFileReference; lastKnownFileType = file.storyboard; name = Base; path = Base.lproj/Main.storyboard; sourceTree = "<group>"; };
		2D94A8E722AA883A00DC0150 /* Assets.xcassets */ = {isa = PBXFileReference; lastKnownFileType = folder.assetcatalog; path = Assets.xcassets; sourceTree = "<group>"; };
		2D94A8EA22AA883A00DC0150 /* Base */ = {isa = PBXFileReference; lastKnownFileType = file.storyboard; name = Base; path = Base.lproj/LaunchScreen.storyboard; sourceTree = "<group>"; };
		2D94A8EC22AA883A00DC0150 /* Info.plist */ = {isa = PBXFileReference; lastKnownFileType = text.plist.xml; path = Info.plist; sourceTree = "<group>"; };
		2D94A8F122AA883A00DC0150 /* AuctionCheckInTests.xctest */ = {isa = PBXFileReference; explicitFileType = wrapper.cfbundle; includeInIndex = 0; path = AuctionCheckInTests.xctest; sourceTree = BUILT_PRODUCTS_DIR; };
		2D94A8F522AA883A00DC0150 /* AuctionCheckInTests.swift */ = {isa = PBXFileReference; lastKnownFileType = sourcecode.swift; path = AuctionCheckInTests.swift; sourceTree = "<group>"; };
		2D94A8F722AA883A00DC0150 /* Info.plist */ = {isa = PBXFileReference; lastKnownFileType = text.plist.xml; path = Info.plist; sourceTree = "<group>"; };
		2D94A8FC22AA883A00DC0150 /* AuctionCheckInUITests.xctest */ = {isa = PBXFileReference; explicitFileType = wrapper.cfbundle; includeInIndex = 0; path = AuctionCheckInUITests.xctest; sourceTree = BUILT_PRODUCTS_DIR; };
		2D94A90022AA883A00DC0150 /* AuctionCheckInUITests.swift */ = {isa = PBXFileReference; lastKnownFileType = sourcecode.swift; path = AuctionCheckInUITests.swift; sourceTree = "<group>"; };
		2D94A90222AA883A00DC0150 /* Info.plist */ = {isa = PBXFileReference; lastKnownFileType = text.plist.xml; path = Info.plist; sourceTree = "<group>"; };
		2D94A90E22AA8EDE00DC0150 /* TVCDealer.swift */ = {isa = PBXFileReference; lastKnownFileType = sourcecode.swift; path = TVCDealer.swift; sourceTree = "<group>"; };
		2D94A91022AAE74500DC0150 /* VCScanner.swift */ = {isa = PBXFileReference; lastKnownFileType = sourcecode.swift; path = VCScanner.swift; sourceTree = "<group>"; };
		2D94A91222AAFAF900DC0150 /* VCVehicle.swift */ = {isa = PBXFileReference; lastKnownFileType = sourcecode.swift; path = VCVehicle.swift; sourceTree = "<group>"; };
		2D952A0922BA673700AAC687 /* DecodedVINObject.swift */ = {isa = PBXFileReference; lastKnownFileType = sourcecode.swift; path = DecodedVINObject.swift; sourceTree = "<group>"; };
		2DC5CCA522AFD4470069C9C0 /* VCCamera.swift */ = {isa = PBXFileReference; lastKnownFileType = sourcecode.swift; path = VCCamera.swift; sourceTree = "<group>"; };
		2DC5CCA722AFDF630069C9C0 /* VCPhotoPreview.swift */ = {isa = PBXFileReference; lastKnownFileType = sourcecode.swift; path = VCPhotoPreview.swift; sourceTree = "<group>"; };
		2DC5CCA922AFF3140069C9C0 /* TVCLaneLot.swift */ = {isa = PBXFileReference; lastKnownFileType = sourcecode.swift; path = TVCLaneLot.swift; sourceTree = "<group>"; };
		2DD99B0522C3A58100ECE057 /* CheckInObject.swift */ = {isa = PBXFileReference; lastKnownFileType = sourcecode.swift; path = CheckInObject.swift; sourceTree = "<group>"; };
		2DD99B0722C4F8EC00ECE057 /* LaneLotObject.swift */ = {isa = PBXFileReference; lastKnownFileType = sourcecode.swift; path = LaneLotObject.swift; sourceTree = "<group>"; };
		2DD99B0922C51AB500ECE057 /* VCPrintBarcode.swift */ = {isa = PBXFileReference; lastKnownFileType = sourcecode.swift; path = VCPrintBarcode.swift; sourceTree = "<group>"; };
		2DE2006623144ECA00FAADF0 /* VCEquipmentTypes.swift */ = {isa = PBXFileReference; lastKnownFileType = sourcecode.swift; path = VCEquipmentTypes.swift; sourceTree = "<group>"; };
		2DE200682314510500FAADF0 /* TVCEquipmentTypes.swift */ = {isa = PBXFileReference; lastKnownFileType = sourcecode.swift; path = TVCEquipmentTypes.swift; sourceTree = "<group>"; };
		2DEB185322CA431700DB5E7C /* AuctionCheckIn-Bridging-Header.h */ = {isa = PBXFileReference; lastKnownFileType = sourcecode.c.h; path = "AuctionCheckIn-Bridging-Header.h"; sourceTree = "<group>"; };
		2DEB185422CA431700DB5E7C /* testObjectC.m */ = {isa = PBXFileReference; lastKnownFileType = sourcecode.c.objc; path = testObjectC.m; sourceTree = "<group>"; };
		2DEB185822CA567B00DB5E7C /* libZSDK_API.a */ = {isa = PBXFileReference; lastKnownFileType = archive.ar; path = libZSDK_API.a; sourceTree = "<group>"; };
		2DEB185A22CCD7D000DB5E7C /* CustomeObject.m */ = {isa = PBXFileReference; lastKnownFileType = sourcecode.c.objc; path = CustomeObject.m; sourceTree = "<group>"; };
		2DEB185C22CCD7F800DB5E7C /* CustomObject.h */ = {isa = PBXFileReference; lastKnownFileType = sourcecode.c.h; path = CustomObject.h; sourceTree = "<group>"; };
		2DEE6764235109280099B92A /* VCAdditionalPhoto.swift */ = {isa = PBXFileReference; lastKnownFileType = sourcecode.swift; path = VCAdditionalPhoto.swift; sourceTree = "<group>"; };
		2DEE67662355F92C0099B92A /* VCNewPhoto.swift */ = {isa = PBXFileReference; lastKnownFileType = sourcecode.swift; path = VCNewPhoto.swift; sourceTree = "<group>"; };
		2DEE676823576D080099B92A /* VCEditVIN6.swift */ = {isa = PBXFileReference; lastKnownFileType = sourcecode.swift; path = VCEditVIN6.swift; sourceTree = "<group>"; };
		2DF2D64922B156A60021281D /* DealerInfoObject.swift */ = {isa = PBXFileReference; lastKnownFileType = sourcecode.swift; path = DealerInfoObject.swift; sourceTree = "<group>"; };
		2DF608BA22BD1D05008A1B2E /* VehicleClassObject.swift */ = {isa = PBXFileReference; lastKnownFileType = sourcecode.swift; path = VehicleClassObject.swift; sourceTree = "<group>"; };
/* End PBXFileReference section */

/* Begin PBXFrameworksBuildPhase section */
		2D94A8DA22AA883A00DC0150 /* Frameworks */ = {
			isa = PBXFrameworksBuildPhase;
			buildActionMask = 2147483647;
			files = (
				2DEB185922CA567B00DB5E7C /* libZSDK_API.a in Frameworks */,
			);
			runOnlyForDeploymentPostprocessing = 0;
		};
		2D94A8EE22AA883A00DC0150 /* Frameworks */ = {
			isa = PBXFrameworksBuildPhase;
			buildActionMask = 2147483647;
			files = (
			);
			runOnlyForDeploymentPostprocessing = 0;
		};
		2D94A8F922AA883A00DC0150 /* Frameworks */ = {
			isa = PBXFrameworksBuildPhase;
			buildActionMask = 2147483647;
			files = (
			);
			runOnlyForDeploymentPostprocessing = 0;
		};
/* End PBXFrameworksBuildPhase section */

/* Begin PBXGroup section */
		2D94A8D422AA883A00DC0150 = {
			isa = PBXGroup;
			children = (
				2D94A8DF22AA883A00DC0150 /* AuctionCheckIn */,
				2D94A8F422AA883A00DC0150 /* AuctionCheckInTests */,
				2D94A8FF22AA883A00DC0150 /* AuctionCheckInUITests */,
				2D94A8DE22AA883A00DC0150 /* Products */,
				2DEB185822CA567B00DB5E7C /* libZSDK_API.a */,
			);
			sourceTree = "<group>";
		};
		2D94A8DE22AA883A00DC0150 /* Products */ = {
			isa = PBXGroup;
			children = (
				2D94A8DD22AA883A00DC0150 /* AuctionCheckIn.app */,
				2D94A8F122AA883A00DC0150 /* AuctionCheckInTests.xctest */,
				2D94A8FC22AA883A00DC0150 /* AuctionCheckInUITests.xctest */,
			);
			name = Products;
			sourceTree = "<group>";
		};
		2D94A8DF22AA883A00DC0150 /* AuctionCheckIn */ = {
			isa = PBXGroup;
			children = (
				2DEE676823576D080099B92A /* VCEditVIN6.swift */,
				2DEE67662355F92C0099B92A /* VCNewPhoto.swift */,
				2DEE6764235109280099B92A /* VCAdditionalPhoto.swift */,
				2D94A8E022AA883A00DC0150 /* AppDelegate.swift */,
				2D94A8E222AA883A00DC0150 /* VCFindDealer.swift */,
				2D8A292822AE8AA500154ED7 /* VCRegisterDealer.swift */,
				2D94A91022AAE74500DC0150 /* VCScanner.swift */,
				2D94A91222AAFAF900DC0150 /* VCVehicle.swift */,
				2D86568A22E0ACDF00A8EA1C /* VCSelectLane.swift */,
				2D11D24E22EF374200E51511 /* VCTakeDefaultMileagePic.swift */,
				2D11D25022EF7EBD00E51511 /* VCViewImage.swift */,
				2D59D45D23143801004801E9 /* VCEquipment.swift */,
				2DE2006623144ECA00FAADF0 /* VCEquipmentTypes.swift */,
				2D59CE77233562DC00BF9C6E /* VCGetInventoryNumbers.swift */,
				2D59D45B23143592004801E9 /* EquipmentObjects.swift */,
				2DE200682314510500FAADF0 /* TVCEquipmentTypes.swift */,
				2DD99B0922C51AB500ECE057 /* VCPrintBarcode.swift */,
				2DEB185A22CCD7D000DB5E7C /* CustomeObject.m */,
				2DEB185C22CCD7F800DB5E7C /* CustomObject.h */,
				2D94A8E422AA883A00DC0150 /* Main.storyboard */,
				2DF608BA22BD1D05008A1B2E /* VehicleClassObject.swift */,
				2DD99B0722C4F8EC00ECE057 /* LaneLotObject.swift */,
				2DD99B0522C3A58100ECE057 /* CheckInObject.swift */,
				2DF2D64922B156A60021281D /* DealerInfoObject.swift */,
				2D952A0922BA673700AAC687 /* DecodedVINObject.swift */,
				2D59CE79233A6B0F00BF9C6E /* TVCInventoryLanesLots.swift */,
				2DC5CCA922AFF3140069C9C0 /* TVCLaneLot.swift */,
				2D8A292A22AEB85F00154ED7 /* TVCBody.swift */,
				2D94A90E22AA8EDE00DC0150 /* TVCDealer.swift */,
				2D86568C22E0B94F00A8EA1C /* TVCSelectLane.swift */,
				2DEB185422CA431700DB5E7C /* testObjectC.m */,
				2DC5CCA522AFD4470069C9C0 /* VCCamera.swift */,
				2DC5CCA722AFDF630069C9C0 /* VCPhotoPreview.swift */,
				2D94A8E722AA883A00DC0150 /* Assets.xcassets */,
				2D94A8E922AA883A00DC0150 /* LaunchScreen.storyboard */,
				2D94A8EC22AA883A00DC0150 /* Info.plist */,
				2DEB185322CA431700DB5E7C /* AuctionCheckIn-Bridging-Header.h */,
			);
			path = AuctionCheckIn;
			sourceTree = "<group>";
		};
		2D94A8F422AA883A00DC0150 /* AuctionCheckInTests */ = {
			isa = PBXGroup;
			children = (
				2D94A8F522AA883A00DC0150 /* AuctionCheckInTests.swift */,
				2D94A8F722AA883A00DC0150 /* Info.plist */,
			);
			path = AuctionCheckInTests;
			sourceTree = "<group>";
		};
		2D94A8FF22AA883A00DC0150 /* AuctionCheckInUITests */ = {
			isa = PBXGroup;
			children = (
				2D94A90022AA883A00DC0150 /* AuctionCheckInUITests.swift */,
				2D94A90222AA883A00DC0150 /* Info.plist */,
			);
			path = AuctionCheckInUITests;
			sourceTree = "<group>";
		};
/* End PBXGroup section */

/* Begin PBXNativeTarget section */
		2D94A8DC22AA883A00DC0150 /* AuctionCheckIn */ = {
			isa = PBXNativeTarget;
			buildConfigurationList = 2D94A90522AA883A00DC0150 /* Build configuration list for PBXNativeTarget "AuctionCheckIn" */;
			buildPhases = (
				2D94A8D922AA883A00DC0150 /* Sources */,
				2D94A8DA22AA883A00DC0150 /* Frameworks */,
				2D94A8DB22AA883A00DC0150 /* Resources */,
			);
			buildRules = (
			);
			dependencies = (
			);
			name = AuctionCheckIn;
			productName = AuctionCheckIn;
			productReference = 2D94A8DD22AA883A00DC0150 /* AuctionCheckIn.app */;
			productType = "com.apple.product-type.application";
		};
		2D94A8F022AA883A00DC0150 /* AuctionCheckInTests */ = {
			isa = PBXNativeTarget;
			buildConfigurationList = 2D94A90822AA883A00DC0150 /* Build configuration list for PBXNativeTarget "AuctionCheckInTests" */;
			buildPhases = (
				2D94A8ED22AA883A00DC0150 /* Sources */,
				2D94A8EE22AA883A00DC0150 /* Frameworks */,
				2D94A8EF22AA883A00DC0150 /* Resources */,
			);
			buildRules = (
			);
			dependencies = (
				2D94A8F322AA883A00DC0150 /* PBXTargetDependency */,
			);
			name = AuctionCheckInTests;
			productName = AuctionCheckInTests;
			productReference = 2D94A8F122AA883A00DC0150 /* AuctionCheckInTests.xctest */;
			productType = "com.apple.product-type.bundle.unit-test";
		};
		2D94A8FB22AA883A00DC0150 /* AuctionCheckInUITests */ = {
			isa = PBXNativeTarget;
			buildConfigurationList = 2D94A90B22AA883A00DC0150 /* Build configuration list for PBXNativeTarget "AuctionCheckInUITests" */;
			buildPhases = (
				2D94A8F822AA883A00DC0150 /* Sources */,
				2D94A8F922AA883A00DC0150 /* Frameworks */,
				2D94A8FA22AA883A00DC0150 /* Resources */,
			);
			buildRules = (
			);
			dependencies = (
				2D94A8FE22AA883A00DC0150 /* PBXTargetDependency */,
			);
			name = AuctionCheckInUITests;
			productName = AuctionCheckInUITests;
			productReference = 2D94A8FC22AA883A00DC0150 /* AuctionCheckInUITests.xctest */;
			productType = "com.apple.product-type.bundle.ui-testing";
		};
/* End PBXNativeTarget section */

/* Begin PBXProject section */
		2D94A8D522AA883A00DC0150 /* Project object */ = {
			isa = PBXProject;
			attributes = {
				LastSwiftUpdateCheck = 1020;
				LastUpgradeCheck = 1020;
				ORGANIZATIONNAME = "Matthew Sansoucie";
				TargetAttributes = {
					2D94A8DC22AA883A00DC0150 = {
						CreatedOnToolsVersion = 10.2.1;
						LastSwiftMigration = 1020;
					};
					2D94A8F022AA883A00DC0150 = {
						CreatedOnToolsVersion = 10.2.1;
						TestTargetID = 2D94A8DC22AA883A00DC0150;
					};
					2D94A8FB22AA883A00DC0150 = {
						CreatedOnToolsVersion = 10.2.1;
						TestTargetID = 2D94A8DC22AA883A00DC0150;
					};
				};
			};
			buildConfigurationList = 2D94A8D822AA883A00DC0150 /* Build configuration list for PBXProject "AuctionCheckIn" */;
			compatibilityVersion = "Xcode 9.3";
			developmentRegion = en;
			hasScannedForEncodings = 0;
			knownRegions = (
				en,
				Base,
			);
			mainGroup = 2D94A8D422AA883A00DC0150;
			productRefGroup = 2D94A8DE22AA883A00DC0150 /* Products */;
			projectDirPath = "";
			projectRoot = "";
			targets = (
				2D94A8DC22AA883A00DC0150 /* AuctionCheckIn */,
				2D94A8F022AA883A00DC0150 /* AuctionCheckInTests */,
				2D94A8FB22AA883A00DC0150 /* AuctionCheckInUITests */,
			);
		};
/* End PBXProject section */

/* Begin PBXResourcesBuildPhase section */
		2D94A8DB22AA883A00DC0150 /* Resources */ = {
			isa = PBXResourcesBuildPhase;
			buildActionMask = 2147483647;
			files = (
				2D94A8EB22AA883A00DC0150 /* LaunchScreen.storyboard in Resources */,
				2D94A8E822AA883A00DC0150 /* Assets.xcassets in Resources */,
				2D94A8E622AA883A00DC0150 /* Main.storyboard in Resources */,
			);
			runOnlyForDeploymentPostprocessing = 0;
		};
		2D94A8EF22AA883A00DC0150 /* Resources */ = {
			isa = PBXResourcesBuildPhase;
			buildActionMask = 2147483647;
			files = (
			);
			runOnlyForDeploymentPostprocessing = 0;
		};
		2D94A8FA22AA883A00DC0150 /* Resources */ = {
			isa = PBXResourcesBuildPhase;
			buildActionMask = 2147483647;
			files = (
			);
			runOnlyForDeploymentPostprocessing = 0;
		};
/* End PBXResourcesBuildPhase section */

/* Begin PBXSourcesBuildPhase section */
		2D94A8D922AA883A00DC0150 /* Sources */ = {
			isa = PBXSourcesBuildPhase;
			buildActionMask = 2147483647;
			files = (
				2D8A292B22AEB85F00154ED7 /* TVCBody.swift in Sources */,
				2D94A91322AAFAF900DC0150 /* VCVehicle.swift in Sources */,
				2DE200692314510500FAADF0 /* TVCEquipmentTypes.swift in Sources */,
				2D86568B22E0ACDF00A8EA1C /* VCSelectLane.swift in Sources */,
				2D11D25122EF7EBD00E51511 /* VCViewImage.swift in Sources */,
				2D86568D22E0B94F00A8EA1C /* TVCSelectLane.swift in Sources */,
				2D94A90F22AA8EDE00DC0150 /* TVCDealer.swift in Sources */,
				2D59CE78233562DC00BF9C6E /* VCGetInventoryNumbers.swift in Sources */,
				2DC5CCA622AFD4470069C9C0 /* VCCamera.swift in Sources */,
				2DF2D64A22B156A60021281D /* DealerInfoObject.swift in Sources */,
				2DEE67672355F92C0099B92A /* VCNewPhoto.swift in Sources */,
				2D94A91122AAE74500DC0150 /* VCScanner.swift in Sources */,
				2D94A8E322AA883A00DC0150 /* VCFindDealer.swift in Sources */,
				2D8A292922AE8AA500154ED7 /* VCRegisterDealer.swift in Sources */,
				2DEE6765235109280099B92A /* VCAdditionalPhoto.swift in Sources */,
				2DEB185522CA431700DB5E7C /* testObjectC.m in Sources */,
				2DD99B0622C3A58100ECE057 /* CheckInObject.swift in Sources */,
				2D94A8E122AA883A00DC0150 /* AppDelegate.swift in Sources */,
				2D952A0A22BA673700AAC687 /* DecodedVINObject.swift in Sources */,
				2DEE676923576D080099B92A /* VCEditVIN6.swift in Sources */,
				2DD99B0822C4F8EC00ECE057 /* LaneLotObject.swift in Sources */,
				2DC5CCA822AFDF630069C9C0 /* VCPhotoPreview.swift in Sources */,
				2D59D45C23143592004801E9 /* EquipmentObjects.swift in Sources */,
				2DF608BB22BD1D05008A1B2E /* VehicleClassObject.swift in Sources */,
				2DC5CCAA22AFF3140069C9C0 /* TVCLaneLot.swift in Sources */,
				2DD99B0A22C51AB500ECE057 /* VCPrintBarcode.swift in Sources */,
				2D59CE7A233A6B0F00BF9C6E /* TVCInventoryLanesLots.swift in Sources */,
				2D59D45E23143801004801E9 /* VCEquipment.swift in Sources */,
				2DEB185B22CCD7D000DB5E7C /* CustomeObject.m in Sources */,
				2D11D24F22EF374200E51511 /* VCTakeDefaultMileagePic.swift in Sources */,
				2DE2006723144ECA00FAADF0 /* VCEquipmentTypes.swift in Sources */,
			);
			runOnlyForDeploymentPostprocessing = 0;
		};
		2D94A8ED22AA883A00DC0150 /* Sources */ = {
			isa = PBXSourcesBuildPhase;
			buildActionMask = 2147483647;
			files = (
				2D94A8F622AA883A00DC0150 /* AuctionCheckInTests.swift in Sources */,
			);
			runOnlyForDeploymentPostprocessing = 0;
		};
		2D94A8F822AA883A00DC0150 /* Sources */ = {
			isa = PBXSourcesBuildPhase;
			buildActionMask = 2147483647;
			files = (
				2D94A90122AA883A00DC0150 /* AuctionCheckInUITests.swift in Sources */,
			);
			runOnlyForDeploymentPostprocessing = 0;
		};
/* End PBXSourcesBuildPhase section */

/* Begin PBXTargetDependency section */
		2D94A8F322AA883A00DC0150 /* PBXTargetDependency */ = {
			isa = PBXTargetDependency;
			target = 2D94A8DC22AA883A00DC0150 /* AuctionCheckIn */;
			targetProxy = 2D94A8F222AA883A00DC0150 /* PBXContainerItemProxy */;
		};
		2D94A8FE22AA883A00DC0150 /* PBXTargetDependency */ = {
			isa = PBXTargetDependency;
			target = 2D94A8DC22AA883A00DC0150 /* AuctionCheckIn */;
			targetProxy = 2D94A8FD22AA883A00DC0150 /* PBXContainerItemProxy */;
		};
/* End PBXTargetDependency section */

/* Begin PBXVariantGroup section */
		2D94A8E422AA883A00DC0150 /* Main.storyboard */ = {
			isa = PBXVariantGroup;
			children = (
				2D94A8E522AA883A00DC0150 /* Base */,
			);
			name = Main.storyboard;
			sourceTree = "<group>";
		};
		2D94A8E922AA883A00DC0150 /* LaunchScreen.storyboard */ = {
			isa = PBXVariantGroup;
			children = (
				2D94A8EA22AA883A00DC0150 /* Base */,
			);
			name = LaunchScreen.storyboard;
			sourceTree = "<group>";
		};
/* End PBXVariantGroup section */

/* Begin XCBuildConfiguration section */
		2D94A90322AA883A00DC0150 /* Debug */ = {
			isa = XCBuildConfiguration;
			buildSettings = {
				ALWAYS_SEARCH_USER_PATHS = NO;
				CLANG_ANALYZER_NONNULL = YES;
				CLANG_ANALYZER_NUMBER_OBJECT_CONVERSION = YES_AGGRESSIVE;
				CLANG_CXX_LANGUAGE_STANDARD = "gnu++14";
				CLANG_CXX_LIBRARY = "libc++";
				CLANG_ENABLE_MODULES = YES;
				CLANG_ENABLE_OBJC_ARC = YES;
				CLANG_ENABLE_OBJC_WEAK = YES;
				CLANG_WARN_BLOCK_CAPTURE_AUTORELEASING = YES;
				CLANG_WARN_BOOL_CONVERSION = YES;
				CLANG_WARN_COMMA = YES;
				CLANG_WARN_CONSTANT_CONVERSION = YES;
				CLANG_WARN_DEPRECATED_OBJC_IMPLEMENTATIONS = YES;
				CLANG_WARN_DIRECT_OBJC_ISA_USAGE = YES_ERROR;
				CLANG_WARN_DOCUMENTATION_COMMENTS = YES;
				CLANG_WARN_EMPTY_BODY = YES;
				CLANG_WARN_ENUM_CONVERSION = YES;
				CLANG_WARN_INFINITE_RECURSION = YES;
				CLANG_WARN_INT_CONVERSION = YES;
				CLANG_WARN_NON_LITERAL_NULL_CONVERSION = YES;
				CLANG_WARN_OBJC_IMPLICIT_RETAIN_SELF = YES;
				CLANG_WARN_OBJC_LITERAL_CONVERSION = YES;
				CLANG_WARN_OBJC_ROOT_CLASS = YES_ERROR;
				CLANG_WARN_RANGE_LOOP_ANALYSIS = YES;
				CLANG_WARN_STRICT_PROTOTYPES = YES;
				CLANG_WARN_SUSPICIOUS_MOVE = YES;
				CLANG_WARN_UNGUARDED_AVAILABILITY = YES_AGGRESSIVE;
				CLANG_WARN_UNREACHABLE_CODE = YES;
				CLANG_WARN__DUPLICATE_METHOD_MATCH = YES;
				CODE_SIGN_IDENTITY = "iPhone Developer";
				COPY_PHASE_STRIP = NO;
				DEBUG_INFORMATION_FORMAT = dwarf;
				ENABLE_STRICT_OBJC_MSGSEND = YES;
				ENABLE_TESTABILITY = YES;
				GCC_C_LANGUAGE_STANDARD = gnu11;
				GCC_DYNAMIC_NO_PIC = NO;
				GCC_NO_COMMON_BLOCKS = YES;
				GCC_OPTIMIZATION_LEVEL = 0;
				GCC_PREPROCESSOR_DEFINITIONS = (
					"DEBUG=1",
					"$(inherited)",
				);
				GCC_WARN_64_TO_32_BIT_CONVERSION = YES;
				GCC_WARN_ABOUT_RETURN_TYPE = YES_ERROR;
				GCC_WARN_UNDECLARED_SELECTOR = YES;
				GCC_WARN_UNINITIALIZED_AUTOS = YES_AGGRESSIVE;
				GCC_WARN_UNUSED_FUNCTION = YES;
				GCC_WARN_UNUSED_VARIABLE = YES;
				IPHONEOS_DEPLOYMENT_TARGET = 12.2;
				MTL_ENABLE_DEBUG_INFO = INCLUDE_SOURCE;
				MTL_FAST_MATH = YES;
				ONLY_ACTIVE_ARCH = YES;
				SDKROOT = iphoneos;
				SWIFT_ACTIVE_COMPILATION_CONDITIONS = DEBUG;
				SWIFT_OPTIMIZATION_LEVEL = "-Onone";
			};
			name = Debug;
		};
		2D94A90422AA883A00DC0150 /* Release */ = {
			isa = XCBuildConfiguration;
			buildSettings = {
				ALWAYS_SEARCH_USER_PATHS = NO;
				CLANG_ANALYZER_NONNULL = YES;
				CLANG_ANALYZER_NUMBER_OBJECT_CONVERSION = YES_AGGRESSIVE;
				CLANG_CXX_LANGUAGE_STANDARD = "gnu++14";
				CLANG_CXX_LIBRARY = "libc++";
				CLANG_ENABLE_MODULES = YES;
				CLANG_ENABLE_OBJC_ARC = YES;
				CLANG_ENABLE_OBJC_WEAK = YES;
				CLANG_WARN_BLOCK_CAPTURE_AUTORELEASING = YES;
				CLANG_WARN_BOOL_CONVERSION = YES;
				CLANG_WARN_COMMA = YES;
				CLANG_WARN_CONSTANT_CONVERSION = YES;
				CLANG_WARN_DEPRECATED_OBJC_IMPLEMENTATIONS = YES;
				CLANG_WARN_DIRECT_OBJC_ISA_USAGE = YES_ERROR;
				CLANG_WARN_DOCUMENTATION_COMMENTS = YES;
				CLANG_WARN_EMPTY_BODY = YES;
				CLANG_WARN_ENUM_CONVERSION = YES;
				CLANG_WARN_INFINITE_RECURSION = YES;
				CLANG_WARN_INT_CONVERSION = YES;
				CLANG_WARN_NON_LITERAL_NULL_CONVERSION = YES;
				CLANG_WARN_OBJC_IMPLICIT_RETAIN_SELF = YES;
				CLANG_WARN_OBJC_LITERAL_CONVERSION = YES;
				CLANG_WARN_OBJC_ROOT_CLASS = YES_ERROR;
				CLANG_WARN_RANGE_LOOP_ANALYSIS = YES;
				CLANG_WARN_STRICT_PROTOTYPES = YES;
				CLANG_WARN_SUSPICIOUS_MOVE = YES;
				CLANG_WARN_UNGUARDED_AVAILABILITY = YES_AGGRESSIVE;
				CLANG_WARN_UNREACHABLE_CODE = YES;
				CLANG_WARN__DUPLICATE_METHOD_MATCH = YES;
				CODE_SIGN_IDENTITY = "iPhone Developer";
				COPY_PHASE_STRIP = NO;
				DEBUG_INFORMATION_FORMAT = "dwarf-with-dsym";
				ENABLE_NS_ASSERTIONS = NO;
				ENABLE_STRICT_OBJC_MSGSEND = YES;
				GCC_C_LANGUAGE_STANDARD = gnu11;
				GCC_NO_COMMON_BLOCKS = YES;
				GCC_WARN_64_TO_32_BIT_CONVERSION = YES;
				GCC_WARN_ABOUT_RETURN_TYPE = YES_ERROR;
				GCC_WARN_UNDECLARED_SELECTOR = YES;
				GCC_WARN_UNINITIALIZED_AUTOS = YES_AGGRESSIVE;
				GCC_WARN_UNUSED_FUNCTION = YES;
				GCC_WARN_UNUSED_VARIABLE = YES;
				IPHONEOS_DEPLOYMENT_TARGET = 12.2;
				MTL_ENABLE_DEBUG_INFO = NO;
				MTL_FAST_MATH = YES;
				SDKROOT = iphoneos;
				SWIFT_COMPILATION_MODE = wholemodule;
				SWIFT_OPTIMIZATION_LEVEL = "-O";
				VALIDATE_PRODUCT = YES;
			};
			name = Release;
		};
		2D94A90622AA883A00DC0150 /* Debug */ = {
			isa = XCBuildConfiguration;
			buildSettings = {
				ASSETCATALOG_COMPILER_APPICON_NAME = AppIcon;
				CLANG_ENABLE_MODULES = YES;
				CODE_SIGN_STYLE = Automatic;
				DEVELOPMENT_TEAM = 79QR2B78MA;
				HEADER_SEARCH_PATHS = /Applications/link_os_sdk/iOS/v1.5.1049/lib/include;
				INFOPLIST_FILE = AuctionCheckIn/Info.plist;
				LD_RUNPATH_SEARCH_PATHS = (
					"$(inherited)",
					"@executable_path/Frameworks",
				);
				LIBRARY_SEARCH_PATHS = (
					"$(inherited)",
					"$(PROJECT_DIR)",
				);
				PRODUCT_BUNDLE_IDENTIFIER = matt.AuctionCheckIn;
				PRODUCT_NAME = "$(TARGET_NAME)";
				SWIFT_OBJC_BRIDGING_HEADER = "AuctionCheckIn/AuctionCheckIn-Bridging-Header.h";
				SWIFT_OPTIMIZATION_LEVEL = "-Onone";
				SWIFT_VERSION = 5.0;
				TARGETED_DEVICE_FAMILY = 2;
			};
			name = Debug;
		};
		2D94A90722AA883A00DC0150 /* Release */ = {
			isa = XCBuildConfiguration;
			buildSettings = {
				ASSETCATALOG_COMPILER_APPICON_NAME = AppIcon;
				CLANG_ENABLE_MODULES = YES;
				CODE_SIGN_STYLE = Automatic;
				DEVELOPMENT_TEAM = 79QR2B78MA;
				HEADER_SEARCH_PATHS = /Applications/link_os_sdk/iOS/v1.5.1049/lib/include;
				INFOPLIST_FILE = AuctionCheckIn/Info.plist;
				LD_RUNPATH_SEARCH_PATHS = (
					"$(inherited)",
					"@executable_path/Frameworks",
				);
				LIBRARY_SEARCH_PATHS = (
					"$(inherited)",
					"$(PROJECT_DIR)",
				);
				PRODUCT_BUNDLE_IDENTIFIER = matt.AuctionCheckIn;
				PRODUCT_NAME = "$(TARGET_NAME)";
				SWIFT_OBJC_BRIDGING_HEADER = "AuctionCheckIn/AuctionCheckIn-Bridging-Header.h";
				SWIFT_VERSION = 5.0;
				TARGETED_DEVICE_FAMILY = 2;
			};
			name = Release;
		};
		2D94A90922AA883A00DC0150 /* Debug */ = {
			isa = XCBuildConfiguration;
			buildSettings = {
				ALWAYS_EMBED_SWIFT_STANDARD_LIBRARIES = YES;
				BUNDLE_LOADER = "$(TEST_HOST)";
				CODE_SIGN_STYLE = Automatic;
				DEVELOPMENT_TEAM = 7DHWKB9BN6;
				INFOPLIST_FILE = AuctionCheckInTests/Info.plist;
				LD_RUNPATH_SEARCH_PATHS = (
					"$(inherited)",
					"@executable_path/Frameworks",
					"@loader_path/Frameworks",
				);
				PRODUCT_BUNDLE_IDENTIFIER = matt.AuctionCheckInTests;
				PRODUCT_NAME = "$(TARGET_NAME)";
				SWIFT_VERSION = 5.0;
				TARGETED_DEVICE_FAMILY = "1,2";
				TEST_HOST = "$(BUILT_PRODUCTS_DIR)/AuctionCheckIn.app/AuctionCheckIn";
			};
			name = Debug;
		};
		2D94A90A22AA883A00DC0150 /* Release */ = {
			isa = XCBuildConfiguration;
			buildSettings = {
				ALWAYS_EMBED_SWIFT_STANDARD_LIBRARIES = YES;
				BUNDLE_LOADER = "$(TEST_HOST)";
				CODE_SIGN_STYLE = Automatic;
				DEVELOPMENT_TEAM = 7DHWKB9BN6;
				INFOPLIST_FILE = AuctionCheckInTests/Info.plist;
				LD_RUNPATH_SEARCH_PATHS = (
					"$(inherited)",
					"@executable_path/Frameworks",
					"@loader_path/Frameworks",
				);
				PRODUCT_BUNDLE_IDENTIFIER = matt.AuctionCheckInTests;
				PRODUCT_NAME = "$(TARGET_NAME)";
				SWIFT_VERSION = 5.0;
				TARGETED_DEVICE_FAMILY = "1,2";
				TEST_HOST = "$(BUILT_PRODUCTS_DIR)/AuctionCheckIn.app/AuctionCheckIn";
			};
			name = Release;
		};
		2D94A90C22AA883A00DC0150 /* Debug */ = {
			isa = XCBuildConfiguration;
			buildSettings = {
				ALWAYS_EMBED_SWIFT_STANDARD_LIBRARIES = YES;
				CODE_SIGN_STYLE = Automatic;
				DEVELOPMENT_TEAM = 7DHWKB9BN6;
				INFOPLIST_FILE = AuctionCheckInUITests/Info.plist;
				LD_RUNPATH_SEARCH_PATHS = (
					"$(inherited)",
					"@executable_path/Frameworks",
					"@loader_path/Frameworks",
				);
				PRODUCT_BUNDLE_IDENTIFIER = matt.AuctionCheckInUITests;
				PRODUCT_NAME = "$(TARGET_NAME)";
				SWIFT_VERSION = 5.0;
				TARGETED_DEVICE_FAMILY = "1,2";
				TEST_TARGET_NAME = AuctionCheckIn;
			};
			name = Debug;
		};
		2D94A90D22AA883A00DC0150 /* Release */ = {
			isa = XCBuildConfiguration;
			buildSettings = {
				ALWAYS_EMBED_SWIFT_STANDARD_LIBRARIES = YES;
				CODE_SIGN_STYLE = Automatic;
				DEVELOPMENT_TEAM = 7DHWKB9BN6;
				INFOPLIST_FILE = AuctionCheckInUITests/Info.plist;
				LD_RUNPATH_SEARCH_PATHS = (
					"$(inherited)",
					"@executable_path/Frameworks",
					"@loader_path/Frameworks",
				);
				PRODUCT_BUNDLE_IDENTIFIER = matt.AuctionCheckInUITests;
				PRODUCT_NAME = "$(TARGET_NAME)";
				SWIFT_VERSION = 5.0;
				TARGETED_DEVICE_FAMILY = "1,2";
				TEST_TARGET_NAME = AuctionCheckIn;
			};
			name = Release;
		};
/* End XCBuildConfiguration section */

/* Begin XCConfigurationList section */
		2D94A8D822AA883A00DC0150 /* Build configuration list for PBXProject "AuctionCheckIn" */ = {
			isa = XCConfigurationList;
			buildConfigurations = (
				2D94A90322AA883A00DC0150 /* Debug */,
				2D94A90422AA883A00DC0150 /* Release */,
			);
			defaultConfigurationIsVisible = 0;
			defaultConfigurationName = Release;
		};
		2D94A90522AA883A00DC0150 /* Build configuration list for PBXNativeTarget "AuctionCheckIn" */ = {
			isa = XCConfigurationList;
			buildConfigurations = (
				2D94A90622AA883A00DC0150 /* Debug */,
				2D94A90722AA883A00DC0150 /* Release */,
			);
			defaultConfigurationIsVisible = 0;
			defaultConfigurationName = Release;
		};
		2D94A90822AA883A00DC0150 /* Build configuration list for PBXNativeTarget "AuctionCheckInTests" */ = {
			isa = XCConfigurationList;
			buildConfigurations = (
				2D94A90922AA883A00DC0150 /* Debug */,
				2D94A90A22AA883A00DC0150 /* Release */,
			);
			defaultConfigurationIsVisible = 0;
			defaultConfigurationName = Release;
		};
		2D94A90B22AA883A00DC0150 /* Build configuration list for PBXNativeTarget "AuctionCheckInUITests" */ = {
			isa = XCConfigurationList;
			buildConfigurations = (
				2D94A90C22AA883A00DC0150 /* Debug */,
				2D94A90D22AA883A00DC0150 /* Release */,
			);
			defaultConfigurationIsVisible = 0;
			defaultConfigurationName = Release;
		};
/* End XCConfigurationList section */
	};
	rootObject = 2D94A8D522AA883A00DC0150 /* Project object */;
}
